{
  "name": "electron-host-hook",
  "version": "1.0.0",
  "lockfileVersion": 2,
  "requires": true,
  "packages": {
    "": {
      "name": "electron-host-hook",
      "version": "1.0.0",
      "license": "MIT",
      "devDependencies": {
        "socket.io": "^4.6.1",
        "typescript": "^5.0.2"
      }
    },
    "node_modules/@socket.io/component-emitter": {
      "version": "3.1.0",
      "resolved": "https://registry.npmjs.org/@socket.io/component-emitter/-/component-emitter-3.1.0.tgz",
      "integrity": "sha512-+9jVqKhRSpsc591z5vX+X5Yyw+he/HCB4iQ/RYxw35CEPaY1gnsNE43nf9n9AaYjAQrTiI/mOwKUKdUs9vf7Xg==",
      "dev": true
    },
    "node_modules/@types/cookie": {
      "version": "0.4.1",
      "resolved": "https://registry.npmjs.org/@types/cookie/-/cookie-0.4.1.tgz",
      "integrity": "sha512-XW/Aa8APYr6jSVVA1y/DEIZX0/GMKLEVekNG727R8cs56ahETkRAy/3DR7+fJyh7oUgGwNQaRfXCun0+KbWY7Q==",
      "dev": true
    },
    "node_modules/@types/cors": {
      "version": "2.8.13",
      "resolved": "https://registry.npmjs.org/@types/cors/-/cors-2.8.13.tgz",
      "integrity": "sha512-RG8AStHlUiV5ysZQKq97copd2UmVYw3/pRMLefISZ3S1hK104Cwm7iLQ3fTKx+lsUH2CE8FlLaYeEA2LSeqYUA==",
      "dev": true,
      "dependencies": {
        "@types/node": "*"
      }
    },
    "node_modules/@types/node": {
      "version": "18.15.5",
      "resolved": "https://registry.npmjs.org/@types/node/-/node-18.15.5.tgz",
      "integrity": "sha512-Ark2WDjjZO7GmvsyFFf81MXuGTA/d6oP38anyxWOL6EREyBKAxKoFHwBhaZxCfLRLpO8JgVXwqOwSwa7jRcjew==",
      "dev": true
    },
    "node_modules/accepts": {
      "version": "1.3.8",
      "resolved": "https://registry.npmjs.org/accepts/-/accepts-1.3.8.tgz",
      "integrity": "sha512-PYAthTa2m2VKxuvSD3DPC/Gy+U+sOA1LAuT8mkmRuvw+NACSaeXEQ+NHcVF7rONl6qcaxV3Uuemwawk+7+SJLw==",
      "dev": true,
      "dependencies": {
        "mime-types": "~2.1.34",
        "negotiator": "0.6.3"
      },
      "engines": {
        "node": ">= 0.6"
      }
    },
    "node_modules/base64id": {
      "version": "2.0.0",
      "resolved": "https://registry.npmjs.org/base64id/-/base64id-2.0.0.tgz",
      "integrity": "sha512-lGe34o6EHj9y3Kts9R4ZYs/Gr+6N7MCaMlIFA3F1R2O5/m7K06AxfSeO5530PEERE6/WyEg3lsuyw4GHlPZHog==",
      "dev": true,
      "engines": {
        "node": "^4.5.0 || >= 5.9"
      }
    },
    "node_modules/cookie": {
      "version": "0.4.2",
      "resolved": "https://registry.npmjs.org/cookie/-/cookie-0.4.2.tgz",
      "integrity": "sha512-aSWTXFzaKWkvHO1Ny/s+ePFpvKsPnjc551iI41v3ny/ow6tBG5Vd+FuqGNhh1LxOmVzOlGUriIlOaokOvhaStA==",
      "dev": true,
      "engines": {
        "node": ">= 0.6"
      }
    },
    "node_modules/cors": {
      "version": "2.8.5",
      "resolved": "https://registry.npmjs.org/cors/-/cors-2.8.5.tgz",
      "integrity": "sha512-KIHbLJqu73RGr/hnbrO9uBeixNGuvSQjul/jdFvS/KFSIH1hWVd1ng7zOHx+YrEfInLG7q4n6GHQ9cDtxv/P6g==",
      "dev": true,
      "dependencies": {
        "object-assign": "^4",
        "vary": "^1"
      },
      "engines": {
        "node": ">= 0.10"
      }
    },
    "node_modules/debug": {
      "version": "4.3.4",
      "resolved": "https://registry.npmjs.org/debug/-/debug-4.3.4.tgz",
      "integrity": "sha512-PRWFHuSU3eDtQJPvnNY7Jcket1j0t5OuOsFzPPzsekD52Zl8qUfFIPEiswXqIvHWGVHOgX+7G/vCNNhehwxfkQ==",
      "dev": true,
      "dependencies": {
        "ms": "2.1.2"
      },
      "engines": {
        "node": ">=6.0"
      },
      "peerDependenciesMeta": {
        "supports-color": {
          "optional": true
        }
      }
    },
    "node_modules/engine.io": {
      "version": "6.4.2",
      "resolved": "https://registry.npmjs.org/engine.io/-/engine.io-6.4.2.tgz",
      "integrity": "sha512-FKn/3oMiJjrOEOeUub2WCox6JhxBXq/Zn3fZOMCBxKnNYtsdKjxhl7yR3fZhM9PV+rdE75SU5SYMc+2PGzo+Tg==",
      "dev": true,
      "dependencies": {
        "@types/cookie": "^0.4.1",
        "@types/cors": "^2.8.12",
        "@types/node": ">=10.0.0",
        "accepts": "~1.3.4",
        "base64id": "2.0.0",
        "cookie": "~0.4.1",
        "cors": "~2.8.5",
        "debug": "~4.3.1",
        "engine.io-parser": "~5.0.3",
        "ws": "~8.11.0"
      },
      "engines": {
        "node": ">=10.0.0"
      }
    },
    "node_modules/engine.io-parser": {
      "version": "5.0.6",
      "resolved": "https://registry.npmjs.org/engine.io-parser/-/engine.io-parser-5.0.6.tgz",
      "integrity": "sha512-tjuoZDMAdEhVnSFleYPCtdL2GXwVTGtNjoeJd9IhIG3C1xs9uwxqRNEu5WpnDZCaozwVlK/nuQhpodhXSIMaxw==",
      "dev": true,
      "engines": {
        "node": ">=10.0.0"
      }
    },
    "node_modules/mime-db": {
      "version": "1.52.0",
      "resolved": "https://registry.npmjs.org/mime-db/-/mime-db-1.52.0.tgz",
      "integrity": "sha512-sPU4uV7dYlvtWJxwwxHD0PuihVNiE7TyAbQ5SWxDCB9mUYvOgroQOwYQQOKPJ8CIbE+1ETVlOoK1UC2nU3gYvg==",
      "dev": true,
      "engines": {
        "node": ">= 0.6"
      }
    },
    "node_modules/mime-types": {
      "version": "2.1.35",
      "resolved": "https://registry.npmjs.org/mime-types/-/mime-types-2.1.35.tgz",
      "integrity": "sha512-ZDY+bPm5zTTF+YpCrAU9nK0UgICYPT0QtT1NZWFv4s++TNkcgVaT0g6+4R2uI4MjQjzysHB1zxuWL50hzaeXiw==",
      "dev": true,
      "dependencies": {
        "mime-db": "1.52.0"
      },
      "engines": {
        "node": ">= 0.6"
      }
    },
    "node_modules/ms": {
      "version": "2.1.2",
      "resolved": "https://registry.npmjs.org/ms/-/ms-2.1.2.tgz",
      "integrity": "sha512-sGkPx+VjMtmA6MX27oA4FBFELFCZZ4S4XqeGOXCv68tT+jb3vk/RyaKWP0PTKyWtmLSM0b+adUTEvbs1PEaH2w==",
      "dev": true
    },
    "node_modules/negotiator": {
      "version": "0.6.3",
      "resolved": "https://registry.npmjs.org/negotiator/-/negotiator-0.6.3.tgz",
      "integrity": "sha512-+EUsqGPLsM+j/zdChZjsnX51g4XrHFOIXwfnCVPGlQk/k5giakcKsuxCObBRu6DSm9opw/O6slWbJdghQM4bBg==",
      "dev": true,
      "engines": {
        "node": ">= 0.6"
      }
    },
    "node_modules/object-assign": {
      "version": "4.1.1",
      "resolved": "https://registry.npmjs.org/object-assign/-/object-assign-4.1.1.tgz",
      "integrity": "sha512-rJgTQnkUnH1sFw8yT6VSU3zD3sWmu6sZhIseY8VX+GRu3P6F7Fu+JNDoXfklElbLJSnc3FUQHVe4cU5hj+BcUg==",
      "dev": true,
      "engines": {
        "node": ">=0.10.0"
      }
    },
    "node_modules/socket.io": {
      "version": "4.6.1",
      "resolved": "https://registry.npmjs.org/socket.io/-/socket.io-4.6.1.tgz",
      "integrity": "sha512-KMcaAi4l/8+xEjkRICl6ak8ySoxsYG+gG6/XfRCPJPQ/haCRIJBTL4wIl8YCsmtaBovcAXGLOShyVWQ/FG8GZA==",
      "dev": true,
      "dependencies": {
        "accepts": "~1.3.4",
        "base64id": "~2.0.0",
        "debug": "~4.3.2",
        "engine.io": "~6.4.1",
        "socket.io-adapter": "~2.5.2",
        "socket.io-parser": "~4.2.1"
      },
      "engines": {
        "node": ">=10.0.0"
      }
    },
    "node_modules/socket.io-adapter": {
      "version": "2.5.2",
      "resolved": "https://registry.npmjs.org/socket.io-adapter/-/socket.io-adapter-2.5.2.tgz",
      "integrity": "sha512-87C3LO/NOMc+eMcpcxUBebGjkpMDkNBS9tf7KJqcDsmL936EChtVva71Dw2q4tQcuVC+hAUy4an2NO/sYXmwRA==",
      "dev": true,
      "dependencies": {
        "ws": "~8.11.0"
      }
    },
    "node_modules/socket.io-parser": {
      "version": "4.2.2",
      "resolved": "https://registry.npmjs.org/socket.io-parser/-/socket.io-parser-4.2.2.tgz",
      "integrity": "sha512-DJtziuKypFkMMHCm2uIshOYC7QaylbtzQwiMYDuCKy3OPkjLzu4B2vAhTlqipRHHzrI0NJeBAizTK7X+6m1jVw==",
      "dev": true,
      "dependencies": {
        "@socket.io/component-emitter": "~3.1.0",
        "debug": "~4.3.1"
      },
      "engines": {
        "node": ">=10.0.0"
      }
    },
    "node_modules/typescript": {
      "version": "5.0.2",
      "resolved": "https://registry.npmjs.org/typescript/-/typescript-5.0.2.tgz",
      "integrity": "sha512-wVORMBGO/FAs/++blGNeAVdbNKtIh1rbBL2EyQ1+J9lClJ93KiiKe8PmFIVdXhHcyv44SL9oglmfeSsndo0jRw==",
      "dev": true,
      "bin": {
        "tsc": "bin/tsc",
        "tsserver": "bin/tsserver"
      },
      "engines": {
        "node": ">=12.20"
      }
    },
    "node_modules/vary": {
      "version": "1.1.2",
      "resolved": "https://registry.npmjs.org/vary/-/vary-1.1.2.tgz",
      "integrity": "sha512-BNGbWLfd0eUPabhkXUVm0j8uuvREyTh5ovRa/dyow/BqAbZJyC+5fU+IzQOzmAKzYqYRAISoRhdQr3eIZ/PXqg==",
      "dev": true,
      "engines": {
        "node": ">= 0.8"
      }
    },
    "node_modules/ws": {
      "version": "8.11.0",
      "resolved": "https://registry.npmjs.org/ws/-/ws-8.11.0.tgz",
      "integrity": "sha512-HPG3wQd9sNQoT9xHyNCXoDUa+Xw/VevmY9FoHyQ+g+rrMn4j6FB4np7Z0OhdTgjx6MgQLK7jwSy1YecU1+4Asg==",
      "dev": true,
      "engines": {
        "node": ">=10.0.0"
      },
      "peerDependencies": {
        "bufferutil": "^4.0.1",
        "utf-8-validate": "^5.0.2"
      },
      "peerDependenciesMeta": {
        "bufferutil": {
          "optional": true
        },
        "utf-8-validate": {
          "optional": true
        }
      }
    }
  },
  "dependencies": {
    "@socket.io/component-emitter": {
      "version": "3.1.0",
      "resolved": "https://registry.npmjs.org/@socket.io/component-emitter/-/component-emitter-3.1.0.tgz",
      "integrity": "sha512-+9jVqKhRSpsc591z5vX+X5Yyw+he/HCB4iQ/RYxw35CEPaY1gnsNE43nf9n9AaYjAQrTiI/mOwKUKdUs9vf7Xg==",
      "dev": true
    },
    "@types/cookie": {
      "version": "0.4.1",
      "resolved": "https://registry.npmjs.org/@types/cookie/-/cookie-0.4.1.tgz",
      "integrity": "sha512-XW/Aa8APYr6jSVVA1y/DEIZX0/GMKLEVekNG727R8cs56ahETkRAy/3DR7+fJyh7oUgGwNQaRfXCun0+KbWY7Q==",
      "dev": true
    },
    "@types/cors": {
      "version": "2.8.13",
      "resolved": "https://registry.npmjs.org/@types/cors/-/cors-2.8.13.tgz",
      "integrity": "sha512-RG8AStHlUiV5ysZQKq97copd2UmVYw3/pRMLefISZ3S1hK104Cwm7iLQ3fTKx+lsUH2CE8FlLaYeEA2LSeqYUA==",
      "dev": true,
      "requires": {
        "@types/node": "*"
      }
    },
    "@types/node": {
      "version": "18.15.5",
      "resolved": "https://registry.npmjs.org/@types/node/-/node-18.15.5.tgz",
      "integrity": "sha512-Ark2WDjjZO7GmvsyFFf81MXuGTA/d6oP38anyxWOL6EREyBKAxKoFHwBhaZxCfLRLpO8JgVXwqOwSwa7jRcjew==",
      "dev": true
    },
    "accepts": {
      "version": "1.3.8",
      "resolved": "https://registry.npmjs.org/accepts/-/accepts-1.3.8.tgz",
      "integrity": "sha512-PYAthTa2m2VKxuvSD3DPC/Gy+U+sOA1LAuT8mkmRuvw+NACSaeXEQ+NHcVF7rONl6qcaxV3Uuemwawk+7+SJLw==",
      "dev": true,
      "requires": {
        "mime-types": "~2.1.34",
        "negotiator": "0.6.3"
      }
    },
    "base64id": {
      "version": "2.0.0",
      "resolved": "https://registry.npmjs.org/base64id/-/base64id-2.0.0.tgz",
      "integrity": "sha512-lGe34o6EHj9y3Kts9R4ZYs/Gr+6N7MCaMlIFA3F1R2O5/m7K06AxfSeO5530PEERE6/WyEg3lsuyw4GHlPZHog==",
      "dev": true
    },
    "cookie": {
      "version": "0.4.2",
      "resolved": "https://registry.npmjs.org/cookie/-/cookie-0.4.2.tgz",
      "integrity": "sha512-aSWTXFzaKWkvHO1Ny/s+ePFpvKsPnjc551iI41v3ny/ow6tBG5Vd+FuqGNhh1LxOmVzOlGUriIlOaokOvhaStA==",
      "dev": true
    },
    "cors": {
      "version": "2.8.5",
      "resolved": "https://registry.npmjs.org/cors/-/cors-2.8.5.tgz",
      "integrity": "sha512-KIHbLJqu73RGr/hnbrO9uBeixNGuvSQjul/jdFvS/KFSIH1hWVd1ng7zOHx+YrEfInLG7q4n6GHQ9cDtxv/P6g==",
      "dev": true,
      "requires": {
        "object-assign": "^4",
        "vary": "^1"
      }
    },
    "debug": {
      "version": "4.3.4",
      "resolved": "https://registry.npmjs.org/debug/-/debug-4.3.4.tgz",
      "integrity": "sha512-PRWFHuSU3eDtQJPvnNY7Jcket1j0t5OuOsFzPPzsekD52Zl8qUfFIPEiswXqIvHWGVHOgX+7G/vCNNhehwxfkQ==",
      "dev": true,
      "requires": {
        "ms": "2.1.2"
      }
    },
    "engine.io": {
      "version": "6.4.2",
      "resolved": "https://registry.npmjs.org/engine.io/-/engine.io-6.4.2.tgz",
      "integrity": "sha512-FKn/3oMiJjrOEOeUub2WCox6JhxBXq/Zn3fZOMCBxKnNYtsdKjxhl7yR3fZhM9PV+rdE75SU5SYMc+2PGzo+Tg==",
      "dev": true,
      "requires": {
        "@types/cookie": "^0.4.1",
        "@types/cors": "^2.8.12",
        "@types/node": ">=10.0.0",
        "accepts": "~1.3.4",
        "base64id": "2.0.0",
        "cookie": "~0.4.1",
        "cors": "~2.8.5",
        "debug": "~4.3.1",
        "engine.io-parser": "~5.0.3",
        "ws": "~8.11.0"
      }
    },
    "engine.io-parser": {
      "version": "5.0.6",
      "resolved": "https://registry.npmjs.org/engine.io-parser/-/engine.io-parser-5.0.6.tgz",
      "integrity": "sha512-tjuoZDMAdEhVnSFleYPCtdL2GXwVTGtNjoeJd9IhIG3C1xs9uwxqRNEu5WpnDZCaozwVlK/nuQhpodhXSIMaxw==",
      "dev": true
    },
    "mime-db": {
      "version": "1.52.0",
      "resolved": "https://registry.npmjs.org/mime-db/-/mime-db-1.52.0.tgz",
      "integrity": "sha512-sPU4uV7dYlvtWJxwwxHD0PuihVNiE7TyAbQ5SWxDCB9mUYvOgroQOwYQQOKPJ8CIbE+1ETVlOoK1UC2nU3gYvg==",
      "dev": true
    },
    "mime-types": {
      "version": "2.1.35",
      "resolved": "https://registry.npmjs.org/mime-types/-/mime-types-2.1.35.tgz",
      "integrity": "sha512-ZDY+bPm5zTTF+YpCrAU9nK0UgICYPT0QtT1NZWFv4s++TNkcgVaT0g6+4R2uI4MjQjzysHB1zxuWL50hzaeXiw==",
      "dev": true,
      "requires": {
        "mime-db": "1.52.0"
      }
    },
    "ms": {
      "version": "2.1.2",
      "resolved": "https://registry.npmjs.org/ms/-/ms-2.1.2.tgz",
      "integrity": "sha512-sGkPx+VjMtmA6MX27oA4FBFELFCZZ4S4XqeGOXCv68tT+jb3vk/RyaKWP0PTKyWtmLSM0b+adUTEvbs1PEaH2w==",
      "dev": true
    },
    "negotiator": {
      "version": "0.6.3",
      "resolved": "https://registry.npmjs.org/negotiator/-/negotiator-0.6.3.tgz",
      "integrity": "sha512-+EUsqGPLsM+j/zdChZjsnX51g4XrHFOIXwfnCVPGlQk/k5giakcKsuxCObBRu6DSm9opw/O6slWbJdghQM4bBg==",
      "dev": true
    },
    "object-assign": {
      "version": "4.1.1",
      "resolved": "https://registry.npmjs.org/object-assign/-/object-assign-4.1.1.tgz",
      "integrity": "sha512-rJgTQnkUnH1sFw8yT6VSU3zD3sWmu6sZhIseY8VX+GRu3P6F7Fu+JNDoXfklElbLJSnc3FUQHVe4cU5hj+BcUg==",
      "dev": true
    },
    "socket.io": {
      "version": "4.6.1",
      "resolved": "https://registry.npmjs.org/socket.io/-/socket.io-4.6.1.tgz",
      "integrity": "sha512-KMcaAi4l/8+xEjkRICl6ak8ySoxsYG+gG6/XfRCPJPQ/haCRIJBTL4wIl8YCsmtaBovcAXGLOShyVWQ/FG8GZA==",
      "dev": true,
      "requires": {
        "accepts": "~1.3.4",
        "base64id": "~2.0.0",
        "debug": "~4.3.2",
        "engine.io": "~6.4.1",
        "socket.io-adapter": "~2.5.2",
        "socket.io-parser": "~4.2.1"
      }
    },
    "socket.io-adapter": {
      "version": "2.5.2",
      "resolved": "https://registry.npmjs.org/socket.io-adapter/-/socket.io-adapter-2.5.2.tgz",
      "integrity": "sha512-87C3LO/NOMc+eMcpcxUBebGjkpMDkNBS9tf7KJqcDsmL936EChtVva71Dw2q4tQcuVC+hAUy4an2NO/sYXmwRA==",
      "dev": true,
      "requires": {
        "ws": "~8.11.0"
      }
    },
    "socket.io-parser": {
      "version": "4.2.2",
      "resolved": "https://registry.npmjs.org/socket.io-parser/-/socket.io-parser-4.2.2.tgz",
      "integrity": "sha512-DJtziuKypFkMMHCm2uIshOYC7QaylbtzQwiMYDuCKy3OPkjLzu4B2vAhTlqipRHHzrI0NJeBAizTK7X+6m1jVw==",
      "dev": true,
      "requires": {
        "@socket.io/component-emitter": "~3.1.0",
        "debug": "~4.3.1"
      }
    },
    "typescript": {
      "version": "5.0.2",
      "resolved": "https://registry.npmjs.org/typescript/-/typescript-5.0.2.tgz",
      "integrity": "sha512-wVORMBGO/FAs/++blGNeAVdbNKtIh1rbBL2EyQ1+J9lClJ93KiiKe8PmFIVdXhHcyv44SL9oglmfeSsndo0jRw==",
      "dev": true
    },
    "vary": {
      "version": "1.1.2",
      "resolved": "https://registry.npmjs.org/vary/-/vary-1.1.2.tgz",
      "integrity": "sha512-BNGbWLfd0eUPabhkXUVm0j8uuvREyTh5ovRa/dyow/BqAbZJyC+5fU+IzQOzmAKzYqYRAISoRhdQr3eIZ/PXqg==",
      "dev": true
    },
    "ws": {
      "version": "8.11.0",
      "resolved": "https://registry.npmjs.org/ws/-/ws-8.11.0.tgz",
      "integrity": "sha512-HPG3wQd9sNQoT9xHyNCXoDUa+Xw/VevmY9FoHyQ+g+rrMn4j6FB4np7Z0OhdTgjx6MgQLK7jwSy1YecU1+4Asg==",
      "dev": true,
      "requires": {}
    }
  }
}
