Microsoft Visual Studio Solution File, Format Version 12.00
# Visual Studio Version 18
VisualStudioVersion = 18.0.11205.157
MinimumVisualStudioVersion = 10.0.40219.1
Project("{9A19103F-16F7-4668-BE54-9A1E7A4F7556}") = "ElectronNET.WebApp", "ElectronNET.WebApp\ElectronNET.WebApp.csproj", "{7C048379-401C-4345-B5E7-BE232DEA8157}"
	ProjectSection(ProjectDependencies) = postProject
		{1C5FD66E-A1C6-C436-DF7C-3ECE4FEDDFE6} = {1C5FD66E-A1C6-C436-DF7C-3ECE4FEDDFE6}
		{8860606D-6847-F22A-5AED-DF4E0984DD24} = {8860606D-6847-F22A-5AED-DF4E0984DD24}
	EndProjectSection
EndProject
Project("{9A19103F-16F7-4668-BE54-9A1E7A4F7556}") = "ElectronNET.API", "ElectronNET.API\ElectronNET.API.csproj", "{A78157BA-B754-45F1-969F-D6A513CA0E72}"
EndProject
Project("{FAE04EC0-301F-11D3-BF4B-00C04F79EFBC}") = "ElectronNET.Build", "ElectronNET.Build\ElectronNET.Build.csproj", "{829FC339-4785-4229-ABA5-53ADB544DA00}"
EndProject
Project("{FAE04EC0-301F-11D3-BF4B-00C04F79EFBC}") = "ElectronNET", "ElectronNET\ElectronNET.csproj", "{8860606D-6847-F22A-5AED-DF4E0984DD24}"
	ProjectSection(ProjectDependencies) = postProject
		{829FC339-4785-4229-ABA5-53ADB544DA00} = {829FC339-4785-4229-ABA5-53ADB544DA00}
	EndProjectSection
EndProject
Project("{2150E333-8FDC-42A3-9474-1A3956D46DE8}") = "!Config", "!Config", "{02EA681E-C7D8-13C7-8484-4AC65E1B71E8}"
	ProjectSection(SolutionItems) = preProject
		..\Changelog.md = ..\Changelog.md
		common.props = common.props
		global.json = global.json
		..\NuGet.config = ..\NuGet.config
		..\publish.cmd = ..\publish.cmd
		..\README.md = ..\README.md
	EndProjectSection
EndProject
Project("{FAE04EC0-301F-11D3-BF4B-00C04F79EFBC}") = "ElectronNET.AspNet", "ElectronNET.AspNet\ElectronNET.AspNet.csproj", "{DD10D21A-D131-1D9C-33F9-406046E0C5B0}"
EndProject
Project("{FAE04EC0-301F-11D3-BF4B-00C04F79EFBC}") = "ElectronNET.ConsoleApp", "ElectronNET.ConsoleApp\ElectronNET.ConsoleApp.csproj", "{EE38A326-5DE8-AF09-9EB9-DF0878938783}"
	ProjectSection(ProjectDependencies) = postProject
		{1C5FD66E-A1C6-C436-DF7C-3ECE4FEDDFE6} = {1C5FD66E-A1C6-C436-DF7C-3ECE4FEDDFE6}
		{8860606D-6847-F22A-5AED-DF4E0984DD24} = {8860606D-6847-F22A-5AED-DF4E0984DD24}
	EndProjectSection
EndProject
Project("{2150E333-8FDC-42A3-9474-1A3956D46DE8}") = "Core", "Core", "{1BB6F634-2831-4496-83A6-BC6761DCEC8D}"
EndProject
Project("{2150E333-8FDC-42A3-9474-1A3956D46DE8}") = "Test Apps", "Test Apps", "{EDCBFC49-2AEE-4BAF-9368-4409298C52FC}"
EndProject
Project("{2150E333-8FDC-42A3-9474-1A3956D46DE8}") = "Build", "Build", "{985D39A7-5216-4945-8167-2FD0CB387BD8}"
	ProjectSection(SolutionItems) = preProject
		..\.github\workflows\ci.yml = ..\.github\workflows\ci.yml
		..\.github\workflows\integration-tests.yml = ..\.github\workflows\integration-tests.yml
		..\.github\workflows\pr-comment.yml = ..\.github\workflows\pr-comment.yml
		..\.github\workflows\publish-wiki.yml = ..\.github\workflows\publish-wiki.yml
		..\.github\workflows\trailing-whitespace-check.yml = ..\.github\workflows\trailing-whitespace-check.yml
	EndProjectSection
EndProject
Project("{FAE04EC0-301F-11D3-BF4B-00C04F79EFBC}") = "_build", "..\nuke\_build.csproj", "{015CB06B-6CAE-209F-E050-21C3ACA5FE9F}"
EndProject
Project("{2150E333-8FDC-42A3-9474-1A3956D46DE8}") = "!Docs", "!Docs", "{D36CDFFD-3438-42E4-A7FF-88BA19AC4964}"
	ProjectSection(SolutionItems) = preProject
		..\.github\workflows\publish-wiki.yml = ..\.github\workflows\publish-wiki.yml
	EndProjectSection
EndProject
Project("{D954291E-2A0B-460D-934E-DC6B0785DB48}") = "Docs", "..\docs\Docs.shproj", "{06CAADC7-DE5B-47B4-AB2A-E9501459A2D1}"
EndProject
Project("{2150E333-8FDC-42A3-9474-1A3956D46DE8}") = "Test Projects", "Test Projects", "{75129C45-FC6F-41B0-A485-07F4A7E031ED}"
EndProject
Project("{FAE04EC0-301F-11D3-BF4B-00C04F79EFBC}") = "ElectronNET.IntegrationTests", "ElectronNET.IntegrationTests\ElectronNET.IntegrationTests.csproj", "{AE877E48-6B44-63C2-8EA0-DB58D096B553}"
	ProjectSection(ProjectDependencies) = postProject
		{1C5FD66E-A1C6-C436-DF7C-3ECE4FEDDFE6} = {1C5FD66E-A1C6-C436-DF7C-3ECE4FEDDFE6}
	EndProjectSection
EndProject
Project("{54A90642-561A-4BB1-A94E-469ADEE60C69}") = "ElectronNET.Host", "ElectronNET.Host\ElectronNET.Host.esproj", "{1C5FD66E-A1C6-C436-DF7C-3ECE4FEDDFE6}"
EndProject
Global
	GlobalSection(SolutionConfigurationPlatforms) = preSolution
		Debug|Any CPU = Debug|Any CPU
		Release|Any CPU = Release|Any CPU
	EndGlobalSection
	GlobalSection(ProjectConfigurationPlatforms) = postSolution
		{7C048379-401C-4345-B5E7-BE232DEA8157}.Debug|Any CPU.ActiveCfg = Debug|Any CPU
		{7C048379-401C-4345-B5E7-BE232DEA8157}.Debug|Any CPU.Build.0 = Debug|Any CPU
		{7C048379-401C-4345-B5E7-BE232DEA8157}.Release|Any CPU.ActiveCfg = Release|Any CPU
		{7C048379-401C-4345-B5E7-BE232DEA8157}.Release|Any CPU.Build.0 = Release|Any CPU
		{A78157BA-B754-45F1-969F-D6A513CA0E72}.Debug|Any CPU.ActiveCfg = Debug|Any CPU
		{A78157BA-B754-45F1-969F-D6A513CA0E72}.Debug|Any CPU.Build.0 = Debug|Any CPU
		{A78157BA-B754-45F1-969F-D6A513CA0E72}.Release|Any CPU.ActiveCfg = Release|Any CPU
		{A78157BA-B754-45F1-969F-D6A513CA0E72}.Release|Any CPU.Build.0 = Release|Any CPU
		{829FC339-4785-4229-ABA5-53ADB544DA00}.Debug|Any CPU.ActiveCfg = Debug|Any CPU
		{829FC339-4785-4229-ABA5-53ADB544DA00}.Release|Any CPU.ActiveCfg = Release|Any CPU
		{829FC339-4785-4229-ABA5-53ADB544DA00}.Release|Any CPU.Build.0 = Release|Any CPU
		{8860606D-6847-F22A-5AED-DF4E0984DD24}.Debug|Any CPU.ActiveCfg = Debug|Any CPU
		{8860606D-6847-F22A-5AED-DF4E0984DD24}.Debug|Any CPU.Build.0 = Debug|Any CPU
		{8860606D-6847-F22A-5AED-DF4E0984DD24}.Release|Any CPU.ActiveCfg = Release|Any CPU
		{8860606D-6847-F22A-5AED-DF4E0984DD24}.Release|Any CPU.Build.0 = Release|Any CPU
		{DD10D21A-D131-1D9C-33F9-406046E0C5B0}.Debug|Any CPU.ActiveCfg = Debug|Any CPU
		{DD10D21A-D131-1D9C-33F9-406046E0C5B0}.Debug|Any CPU.Build.0 = Debug|Any CPU
		{DD10D21A-D131-1D9C-33F9-406046E0C5B0}.Release|Any CPU.ActiveCfg = Release|Any CPU
		{DD10D21A-D131-1D9C-33F9-406046E0C5B0}.Release|Any CPU.Build.0 = Release|Any CPU
		{EE38A326-5DE8-AF09-9EB9-DF0878938783}.Debug|Any CPU.ActiveCfg = Debug|Any CPU
		{EE38A326-5DE8-AF09-9EB9-DF0878938783}.Debug|Any CPU.Build.0 = Debug|Any CPU
		{EE38A326-5DE8-AF09-9EB9-DF0878938783}.Release|Any CPU.ActiveCfg = Release|Any CPU
		{EE38A326-5DE8-AF09-9EB9-DF0878938783}.Release|Any CPU.Build.0 = Release|Any CPU
		{015CB06B-6CAE-209F-E050-21C3ACA5FE9F}.Debug|Any CPU.ActiveCfg = Debug|Any CPU
		{015CB06B-6CAE-209F-E050-21C3ACA5FE9F}.Release|Any CPU.ActiveCfg = Release|Any CPU
		{06CAADC7-DE5B-47B4-AB2A-E9501459A2D1}.Debug|Any CPU.ActiveCfg = Debug|Any CPU
		{06CAADC7-DE5B-47B4-AB2A-E9501459A2D1}.Release|Any CPU.ActiveCfg = Release|Any CPU
		{AE877E48-6B44-63C2-8EA0-DB58D096B553}.Debug|Any CPU.ActiveCfg = Debug|Any CPU
		{AE877E48-6B44-63C2-8EA0-DB58D096B553}.Debug|Any CPU.Build.0 = Debug|Any CPU
		{AE877E48-6B44-63C2-8EA0-DB58D096B553}.Release|Any CPU.ActiveCfg = Release|Any CPU
		{AE877E48-6B44-63C2-8EA0-DB58D096B553}.Release|Any CPU.Build.0 = Release|Any CPU
		{1C5FD66E-A1C6-C436-DF7C-3ECE4FEDDFE6}.Debug|Any CPU.ActiveCfg = Debug|Any CPU
		{1C5FD66E-A1C6-C436-DF7C-3ECE4FEDDFE6}.Debug|Any CPU.Build.0 = Debug|Any CPU
		{1C5FD66E-A1C6-C436-DF7C-3ECE4FEDDFE6}.Debug|Any CPU.Deploy.0 = Debug|Any CPU
		{1C5FD66E-A1C6-C436-DF7C-3ECE4FEDDFE6}.Release|Any CPU.ActiveCfg = Release|Any CPU
		{1C5FD66E-A1C6-C436-DF7C-3ECE4FEDDFE6}.Release|Any CPU.Build.0 = Release|Any CPU
		{1C5FD66E-A1C6-C436-DF7C-3ECE4FEDDFE6}.Release|Any CPU.Deploy.0 = Release|Any CPU
	EndGlobalSection
	GlobalSection(SolutionProperties) = preSolution
		HideSolutionNode = FALSE
	EndGlobalSection
	GlobalSection(NestedProjects) = preSolution
		{7C048379-401C-4345-B5E7-BE232DEA8157} = {EDCBFC49-2AEE-4BAF-9368-4409298C52FC}
		{A78157BA-B754-45F1-969F-D6A513CA0E72} = {1BB6F634-2831-4496-83A6-BC6761DCEC8D}
		{829FC339-4785-4229-ABA5-53ADB544DA00} = {1BB6F634-2831-4496-83A6-BC6761DCEC8D}
		{8860606D-6847-F22A-5AED-DF4E0984DD24} = {1BB6F634-2831-4496-83A6-BC6761DCEC8D}
		{DD10D21A-D131-1D9C-33F9-406046E0C5B0} = {1BB6F634-2831-4496-83A6-BC6761DCEC8D}
		{EE38A326-5DE8-AF09-9EB9-DF0878938783} = {EDCBFC49-2AEE-4BAF-9368-4409298C52FC}
		{015CB06B-6CAE-209F-E050-21C3ACA5FE9F} = {985D39A7-5216-4945-8167-2FD0CB387BD8}
		{06CAADC7-DE5B-47B4-AB2A-E9501459A2D1} = {D36CDFFD-3438-42E4-A7FF-88BA19AC4964}
		{AE877E48-6B44-63C2-8EA0-DB58D096B553} = {75129C45-FC6F-41B0-A485-07F4A7E031ED}
		{1C5FD66E-A1C6-C436-DF7C-3ECE4FEDDFE6} = {1BB6F634-2831-4496-83A6-BC6761DCEC8D}
	EndGlobalSection
	GlobalSection(ExtensibilityGlobals) = postSolution
		SolutionGuid = {81A62E71-9E04-4EFE-AD5C-23165375F8EF}
	EndGlobalSection
EndGlobal
