{
    "name": "electron.net.host",
    "version": "1.0.0",
    "lockfileVersion": 3,
    "requires": true,
    "packages": {
        "": {
            "name": "electron.net.host",
            "version": "1.0.0",
            "license": "MIT",
            "workspaces": [
                "ElectronHostAPI",
                "ElectronHostHook"
            ],
            "dependencies": {
                "dasherize": "^2.0",
                "electron": "^26.2",
                "image-size": "^1.0",
                "portscanner": "^2.2",
                "socket.io": "^4.6"
            }
        },
        "ElectronHostAPI": {
            "name": "@electron-host/api",
            "version": "1.0.0",
            "dependencies": {
                "electron": "^26.2",
                "electron-updater": "^6.1"
            },
            "devDependencies": {
                "@types/node": "^20.6",
                "typescript": "^5.2"
            }
        },
        "ElectronHostHook": {
            "name": "@electron-host/hook",
            "version": "1.0.0",
            "license": "MIT",
            "dependencies": {
                "electron": "^26.2",
                "socket.io": "^4.7"
            },
            "devDependencies": {
                "@types/node": "^20.6",
                "typescript": "^5.2"
            }
        },
        "node_modules/@electron-host/api": {
            "resolved": "ElectronHostAPI",
            "link": true
        },
        "node_modules/@electron-host/hook": {
            "resolved": "ElectronHostHook",
            "link": true
        },
        "node_modules/@electron/get": {
            "version": "2.0.2",
            "license": "MIT",
            "dependencies": {
                "debug": "^4.1.1",
                "env-paths": "^2.2.0",
                "fs-extra": "^8.1.0",
                "got": "^11.8.5",
                "progress": "^2.0.3",
                "semver": "^6.2.0",
                "sumchecker": "^3.0.1"
            },
            "engines": {
                "node": ">=12"
            },
            "optionalDependencies": {
                "global-agent": "^3.0.0"
            }
        },
        "node_modules/@sindresorhus/is": {
            "version": "4.6.0",
            "license": "MIT",
            "engines": {
                "node": ">=10"
            },
            "funding": {
                "url": "https://github.com/sindresorhus/is?sponsor=1"
            }
        },
        "node_modules/@socket.io/component-emitter": {
            "version": "3.1.0",
            "license": "MIT"
        },
        "node_modules/@szmarczak/http-timer": {
            "version": "4.0.6",
            "license": "MIT",
            "dependencies": {
                "defer-to-connect": "^2.0.0"
            },
            "engines": {
                "node": ">=10"
            }
        },
        "node_modules/@types/cacheable-request": {
            "version": "6.0.3",
            "license": "MIT",
            "dependencies": {
                "@types/http-cache-semantics": "*",
                "@types/keyv": "^3.1.4",
                "@types/node": "*",
                "@types/responselike": "^1.0.0"
            }
        },
        "node_modules/@types/cookie": {
            "version": "0.4.1",
            "license": "MIT"
        },
        "node_modules/@types/cors": {
            "version": "2.8.14",
            "license": "MIT",
            "dependencies": {
                "@types/node": "*"
            }
        },
        "node_modules/@types/http-cache-semantics": {
            "version": "4.0.1",
            "license": "MIT"
        },
        "node_modules/@types/keyv": {
            "version": "3.1.4",
            "license": "MIT",
            "dependencies": {
                "@types/node": "*"
            }
        },
        "node_modules/@types/node": {
            "version": "20.6.4",
            "license": "MIT"
        },
        "node_modules/@types/responselike": {
            "version": "1.0.0",
            "license": "MIT",
            "dependencies": {
                "@types/node": "*"
            }
        },
        "node_modules/@types/yauzl": {
            "version": "2.10.0",
            "license": "MIT",
            "optional": true,
            "dependencies": {
                "@types/node": "*"
            }
        },
        "node_modules/accepts": {
            "version": "1.3.8",
            "license": "MIT",
            "dependencies": {
                "mime-types": "~2.1.34",
                "negotiator": "0.6.3"
            },
            "engines": {
                "node": ">= 0.6"
            }
        },
        "node_modules/argparse": {
            "version": "2.0.1",
            "license": "Python-2.0"
        },
        "node_modules/async": {
            "version": "2.6.4",
            "license": "MIT",
            "dependencies": {
                "lodash": "^4.17.14"
            }
        },
        "node_modules/base64id": {
            "version": "2.0.0",
            "license": "MIT",
            "engines": {
                "node": "^4.5.0 || >= 5.9"
            }
        },
        "node_modules/boolean": {
            "version": "3.2.0",
            "license": "MIT",
            "optional": true
        },
        "node_modules/buffer-crc32": {
            "version": "0.2.13",
            "license": "MIT",
            "engines": {
                "node": "*"
            }
        },
        "node_modules/builder-util-runtime": {
            "version": "9.2.1",
            "license": "MIT",
            "dependencies": {
                "debug": "^4.3.4",
                "sax": "^1.2.4"
            },
            "engines": {
                "node": ">=12.0.0"
            }
        },
        "node_modules/cacheable-lookup": {
            "version": "5.0.4",
            "license": "MIT",
            "engines": {
                "node": ">=10.6.0"
            }
        },
        "node_modules/cacheable-request": {
            "version": "7.0.2",
            "license": "MIT",
            "dependencies": {
                "clone-response": "^1.0.2",
                "get-stream": "^5.1.0",
                "http-cache-semantics": "^4.0.0",
                "keyv": "^4.0.0",
                "lowercase-keys": "^2.0.0",
                "normalize-url": "^6.0.1",
                "responselike": "^2.0.0"
            },
            "engines": {
                "node": ">=8"
            }
        },
        "node_modules/clone-response": {
            "version": "1.0.3",
            "license": "MIT",
            "dependencies": {
                "mimic-response": "^1.0.0"
            },
            "funding": {
                "url": "https://github.com/sponsors/sindresorhus"
            }
        },
        "node_modules/cookie": {
            "version": "0.4.2",
            "license": "MIT",
            "engines": {
                "node": ">= 0.6"
            }
        },
        "node_modules/cors": {
            "version": "2.8.5",
            "license": "MIT",
            "dependencies": {
                "object-assign": "^4",
                "vary": "^1"
            },
            "engines": {
                "node": ">= 0.10"
            }
        },
        "node_modules/dasherize": {
            "version": "2.0.0",
            "license": "MIT"
        },
        "node_modules/debug": {
            "version": "4.3.4",
            "license": "MIT",
            "dependencies": {
                "ms": "2.1.2"
            },
            "engines": {
                "node": ">=6.0"
            },
            "peerDependenciesMeta": {
                "supports-color": {
                    "optional": true
                }
            }
        },
        "node_modules/decompress-response": {
            "version": "6.0.0",
            "license": "MIT",
            "dependencies": {
                "mimic-response": "^3.1.0"
            },
            "engines": {
                "node": ">=10"
            },
            "funding": {
                "url": "https://github.com/sponsors/sindresorhus"
            }
        },
        "node_modules/decompress-response/node_modules/mimic-response": {
            "version": "3.1.0",
            "license": "MIT",
            "engines": {
                "node": ">=10"
            },
            "funding": {
                "url": "https://github.com/sponsors/sindresorhus"
            }
        },
        "node_modules/defer-to-connect": {
            "version": "2.0.1",
            "license": "MIT",
            "engines": {
                "node": ">=10"
            }
        },
        "node_modules/define-properties": {
            "version": "1.2.0",
            "license": "MIT",
            "optional": true,
            "dependencies": {
                "has-property-descriptors": "^1.0.0",
                "object-keys": "^1.1.1"
            },
            "engines": {
                "node": ">= 0.4"
            },
            "funding": {
                "url": "https://github.com/sponsors/ljharb"
            }
        },
        "node_modules/detect-node": {
            "version": "2.1.0",
            "license": "MIT",
            "optional": true
        },
        "node_modules/electron": {
            "version": "26.2.2",
            "hasInstallScript": true,
            "license": "MIT",
            "dependencies": {
                "@electron/get": "^2.0.0",
                "@types/node": "^18.11.18",
                "extract-zip": "^2.0.1"
            },
            "bin": {
                "electron": "cli.js"
            },
            "engines": {
                "node": ">= 12.20.55"
            }
        },
        "node_modules/electron-updater": {
            "version": "6.1.4",
            "license": "MIT",
            "dependencies": {
                "builder-util-runtime": "9.2.1",
                "fs-extra": "^10.1.0",
                "js-yaml": "^4.1.0",
                "lazy-val": "^1.0.5",
                "lodash.escaperegexp": "^4.1.2",
                "lodash.isequal": "^4.5.0",
                "semver": "^7.3.8",
                "tiny-typed-emitter": "^2.1.0"
            }
        },
        "node_modules/electron-updater/node_modules/fs-extra": {
            "version": "10.1.0",
            "license": "MIT",
            "dependencies": {
                "graceful-fs": "^4.2.0",
                "jsonfile": "^6.0.1",
                "universalify": "^2.0.0"
            },
            "engines": {
                "node": ">=12"
            }
        },
        "node_modules/electron-updater/node_modules/jsonfile": {
            "version": "6.1.0",
            "license": "MIT",
            "dependencies": {
                "universalify": "^2.0.0"
            },
            "optionalDependencies": {
                "graceful-fs": "^4.1.6"
            }
        },
        "node_modules/electron-updater/node_modules/semver": {
            "version": "7.5.4",
            "license": "ISC",
            "dependencies": {
                "lru-cache": "^6.0.0"
            },
            "bin": {
                "semver": "bin/semver.js"
            },
            "engines": {
                "node": ">=10"
            }
        },
        "node_modules/electron-updater/node_modules/universalify": {
            "version": "2.0.0",
            "license": "MIT",
            "engines": {
                "node": ">= 10.0.0"
            }
        },
        "node_modules/electron/node_modules/@types/node": {
            "version": "18.17.19",
            "license": "MIT"
        },
        "node_modules/end-of-stream": {
            "version": "1.4.4",
            "license": "MIT",
            "dependencies": {
                "once": "^1.4.0"
            }
        },
        "node_modules/engine.io": {
            "version": "6.5.2",
            "license": "MIT",
            "dependencies": {
                "@types/cookie": "^0.4.1",
                "@types/cors": "^2.8.12",
                "@types/node": ">=10.0.0",
                "accepts": "~1.3.4",
                "base64id": "2.0.0",
                "cookie": "~0.4.1",
                "cors": "~2.8.5",
                "debug": "~4.3.1",
                "engine.io-parser": "~5.2.1",
                "ws": "~8.11.0"
            },
            "engines": {
                "node": ">=10.2.0"
            }
        },
        "node_modules/engine.io-parser": {
            "version": "5.2.1",
            "license": "MIT",
            "engines": {
                "node": ">=10.0.0"
            }
        },
        "node_modules/env-paths": {
            "version": "2.2.1",
            "license": "MIT",
            "engines": {
                "node": ">=6"
            }
        },
        "node_modules/es6-error": {
            "version": "4.1.1",
            "license": "MIT",
            "optional": true
        },
        "node_modules/escape-string-regexp": {
            "version": "4.0.0",
            "license": "MIT",
            "optional": true,
            "engines": {
                "node": ">=10"
            },
            "funding": {
                "url": "https://github.com/sponsors/sindresorhus"
            }
        },
        "node_modules/extract-zip": {
            "version": "2.0.1",
            "license": "BSD-2-Clause",
            "dependencies": {
                "debug": "^4.1.1",
                "get-stream": "^5.1.0",
                "yauzl": "^2.10.0"
            },
            "bin": {
                "extract-zip": "cli.js"
            },
            "engines": {
                "node": ">= 10.17.0"
            },
            "optionalDependencies": {
                "@types/yauzl": "^2.9.1"
            }
        },
        "node_modules/fd-slicer": {
            "version": "1.1.0",
            "license": "MIT",
            "dependencies": {
                "pend": "~1.2.0"
            }
        },
        "node_modules/fs-extra": {
            "version": "8.1.0",
            "license": "MIT",
            "dependencies": {
                "graceful-fs": "^4.2.0",
                "jsonfile": "^4.0.0",
                "universalify": "^0.1.0"
            },
            "engines": {
                "node": ">=6 <7 || >=8"
            }
        },
        "node_modules/function-bind": {
            "version": "1.1.1",
            "license": "MIT",
            "optional": true
        },
        "node_modules/get-intrinsic": {
            "version": "1.2.0",
            "license": "MIT",
            "optional": true,
            "dependencies": {
                "function-bind": "^1.1.1",
                "has": "^1.0.3",
                "has-symbols": "^1.0.3"
            },
            "funding": {
                "url": "https://github.com/sponsors/ljharb"
            }
        },
        "node_modules/get-stream": {
            "version": "5.2.0",
            "license": "MIT",
            "dependencies": {
                "pump": "^3.0.0"
            },
            "engines": {
                "node": ">=8"
            },
            "funding": {
                "url": "https://github.com/sponsors/sindresorhus"
            }
        },
        "node_modules/global-agent": {
            "version": "3.0.0",
            "license": "BSD-3-Clause",
            "optional": true,
            "dependencies": {
                "boolean": "^3.0.1",
                "es6-error": "^4.1.1",
                "matcher": "^3.0.0",
                "roarr": "^2.15.3",
                "semver": "^7.3.2",
                "serialize-error": "^7.0.1"
            },
            "engines": {
                "node": ">=10.0"
            }
        },
        "node_modules/global-agent/node_modules/semver": {
            "version": "7.3.8",
            "license": "ISC",
            "optional": true,
            "dependencies": {
                "lru-cache": "^6.0.0"
            },
            "bin": {
                "semver": "bin/semver.js"
            },
            "engines": {
                "node": ">=10"
            }
        },
        "node_modules/globalthis": {
            "version": "1.0.3",
            "license": "MIT",
            "optional": true,
            "dependencies": {
                "define-properties": "^1.1.3"
            },
            "engines": {
                "node": ">= 0.4"
            },
            "funding": {
                "url": "https://github.com/sponsors/ljharb"
            }
        },
        "node_modules/got": {
            "version": "11.8.6",
            "license": "MIT",
            "dependencies": {
                "@sindresorhus/is": "^4.0.0",
                "@szmarczak/http-timer": "^4.0.5",
                "@types/cacheable-request": "^6.0.1",
                "@types/responselike": "^1.0.0",
                "cacheable-lookup": "^5.0.3",
                "cacheable-request": "^7.0.2",
                "decompress-response": "^6.0.0",
                "http2-wrapper": "^1.0.0-beta.5.2",
                "lowercase-keys": "^2.0.0",
                "p-cancelable": "^2.0.0",
                "responselike": "^2.0.0"
            },
            "engines": {
                "node": ">=10.19.0"
            },
            "funding": {
                "url": "https://github.com/sindresorhus/got?sponsor=1"
            }
        },
        "node_modules/graceful-fs": {
            "version": "4.2.10",
            "license": "ISC"
        },
        "node_modules/has": {
            "version": "1.0.3",
            "license": "MIT",
            "optional": true,
            "dependencies": {
                "function-bind": "^1.1.1"
            },
            "engines": {
                "node": ">= 0.4.0"
            }
        },
        "node_modules/has-property-descriptors": {
            "version": "1.0.0",
            "license": "MIT",
            "optional": true,
            "dependencies": {
                "get-intrinsic": "^1.1.1"
            },
            "funding": {
                "url": "https://github.com/sponsors/ljharb"
            }
        },
        "node_modules/has-symbols": {
            "version": "1.0.3",
            "license": "MIT",
            "optional": true,
            "engines": {
                "node": ">= 0.4"
            },
            "funding": {
                "url": "https://github.com/sponsors/ljharb"
            }
        },
        "node_modules/http-cache-semantics": {
            "version": "4.1.1",
            "license": "BSD-2-Clause"
        },
        "node_modules/http2-wrapper": {
            "version": "1.0.3",
            "license": "MIT",
            "dependencies": {
                "quick-lru": "^5.1.1",
                "resolve-alpn": "^1.0.0"
            },
            "engines": {
                "node": ">=10.19.0"
            }
        },
        "node_modules/image-size": {
            "version": "1.0.2",
            "license": "MIT",
            "dependencies": {
                "queue": "6.0.2"
            },
            "bin": {
                "image-size": "bin/image-size.js"
            },
            "engines": {
                "node": ">=14.0.0"
            }
        },
        "node_modules/inherits": {
            "version": "2.0.4",
            "license": "ISC"
        },
        "node_modules/is-number-like": {
            "version": "1.0.8",
            "license": "ISC",
            "dependencies": {
                "lodash.isfinite": "^3.3.2"
            }
        },
        "node_modules/js-yaml": {
            "version": "4.1.0",
            "license": "MIT",
            "dependencies": {
                "argparse": "^2.0.1"
            },
            "bin": {
                "js-yaml": "bin/js-yaml.js"
            }
        },
        "node_modules/json-buffer": {
            "version": "3.0.1",
            "license": "MIT"
        },
        "node_modules/json-stringify-safe": {
            "version": "5.0.1",
            "license": "ISC",
            "optional": true
        },
        "node_modules/jsonfile": {
            "version": "4.0.0",
            "license": "MIT",
            "optionalDependencies": {
                "graceful-fs": "^4.1.6"
            }
        },
        "node_modules/keyv": {
            "version": "4.5.2",
            "license": "MIT",
            "dependencies": {
                "json-buffer": "3.0.1"
            }
        },
        "node_modules/lazy-val": {
            "version": "1.0.5",
            "license": "MIT"
        },
        "node_modules/lodash": {
            "version": "4.17.21",
            "license": "MIT"
        },
        "node_modules/lodash.escaperegexp": {
            "version": "4.1.2",
            "license": "MIT"
        },
        "node_modules/lodash.isequal": {
            "version": "4.5.0",
            "license": "MIT"
        },
        "node_modules/lodash.isfinite": {
            "version": "3.3.2",
            "license": "MIT"
        },
        "node_modules/lowercase-keys": {
            "version": "2.0.0",
            "license": "MIT",
            "engines": {
                "node": ">=8"
            }
        },
        "node_modules/lru-cache": {
            "version": "6.0.0",
            "license": "ISC",
            "dependencies": {
                "yallist": "^4.0.0"
            },
            "engines": {
                "node": ">=10"
            }
        },
        "node_modules/matcher": {
            "version": "3.0.0",
            "license": "MIT",
            "optional": true,
            "dependencies": {
                "escape-string-regexp": "^4.0.0"
            },
            "engines": {
                "node": ">=10"
            }
        },
        "node_modules/mime-db": {
            "version": "1.52.0",
            "license": "MIT",
            "engines": {
                "node": ">= 0.6"
            }
        },
        "node_modules/mime-types": {
            "version": "2.1.35",
            "license": "MIT",
            "dependencies": {
                "mime-db": "1.52.0"
            },
            "engines": {
                "node": ">= 0.6"
            }
        },
        "node_modules/mimic-response": {
            "version": "1.0.1",
            "license": "MIT",
            "engines": {
                "node": ">=4"
            }
        },
        "node_modules/ms": {
            "version": "2.1.2",
            "license": "MIT"
        },
        "node_modules/negotiator": {
            "version": "0.6.3",
            "license": "MIT",
            "engines": {
                "node": ">= 0.6"
            }
        },
        "node_modules/normalize-url": {
            "version": "6.1.0",
            "license": "MIT",
            "engines": {
                "node": ">=10"
            },
            "funding": {
                "url": "https://github.com/sponsors/sindresorhus"
            }
        },
        "node_modules/object-assign": {
            "version": "4.1.1",
            "license": "MIT",
            "engines": {
                "node": ">=0.10.0"
            }
        },
        "node_modules/object-keys": {
            "version": "1.1.1",
            "license": "MIT",
            "optional": true,
            "engines": {
                "node": ">= 0.4"
            }
        },
        "node_modules/once": {
            "version": "1.4.0",
            "license": "ISC",
            "dependencies": {
                "wrappy": "1"
            }
        },
        "node_modules/p-cancelable": {
            "version": "2.1.1",
            "license": "MIT",
            "engines": {
                "node": ">=8"
            }
        },
        "node_modules/pend": {
            "version": "1.2.0",
            "license": "MIT"
        },
        "node_modules/portscanner": {
            "version": "2.2.0",
            "license": "MIT",
            "dependencies": {
                "async": "^2.6.0",
                "is-number-like": "^1.0.3"
            },
            "engines": {
                "node": ">=0.4",
                "npm": ">=1.0.0"
            }
        },
        "node_modules/progress": {
            "version": "2.0.3",
            "license": "MIT",
            "engines": {
                "node": ">=0.4.0"
            }
        },
        "node_modules/pump": {
            "version": "3.0.0",
            "license": "MIT",
            "dependencies": {
                "end-of-stream": "^1.1.0",
                "once": "^1.3.1"
            }
        },
        "node_modules/queue": {
            "version": "6.0.2",
            "license": "MIT",
            "dependencies": {
                "inherits": "~2.0.3"
            }
        },
        "node_modules/quick-lru": {
            "version": "5.1.1",
            "license": "MIT",
            "engines": {
                "node": ">=10"
            },
            "funding": {
                "url": "https://github.com/sponsors/sindresorhus"
            }
        },
        "node_modules/resolve-alpn": {
            "version": "1.2.1",
            "license": "MIT"
        },
        "node_modules/responselike": {
            "version": "2.0.1",
            "license": "MIT",
            "dependencies": {
                "lowercase-keys": "^2.0.0"
            },
            "funding": {
                "url": "https://github.com/sponsors/sindresorhus"
            }
        },
        "node_modules/roarr": {
            "version": "2.15.4",
            "license": "BSD-3-Clause",
            "optional": true,
            "dependencies": {
                "boolean": "^3.0.1",
                "detect-node": "^2.0.4",
                "globalthis": "^1.0.1",
                "json-stringify-safe": "^5.0.1",
                "semver-compare": "^1.0.0",
                "sprintf-js": "^1.1.2"
            },
            "engines": {
                "node": ">=8.0"
            }
        },
        "node_modules/sax": {
            "version": "1.2.4",
            "license": "ISC"
        },
        "node_modules/semver": {
            "version": "6.3.0",
            "license": "ISC",
            "bin": {
                "semver": "bin/semver.js"
            }
        },
        "node_modules/semver-compare": {
            "version": "1.0.0",
            "license": "MIT",
            "optional": true
        },
        "node_modules/serialize-error": {
            "version": "7.0.1",
            "license": "MIT",
            "optional": true,
            "dependencies": {
                "type-fest": "^0.13.1"
            },
            "engines": {
                "node": ">=10"
            },
            "funding": {
                "url": "https://github.com/sponsors/sindresorhus"
            }
        },
        "node_modules/socket.io": {
            "version": "4.7.2",
            "license": "MIT",
            "dependencies": {
                "accepts": "~1.3.4",
                "base64id": "~2.0.0",
                "cors": "~2.8.5",
                "debug": "~4.3.2",
                "engine.io": "~6.5.2",
                "socket.io-adapter": "~2.5.2",
                "socket.io-parser": "~4.2.4"
            },
            "engines": {
                "node": ">=10.2.0"
            }
        },
        "node_modules/socket.io-adapter": {
            "version": "2.5.2",
            "license": "MIT",
            "dependencies": {
                "ws": "~8.11.0"
            }
        },
        "node_modules/socket.io-parser": {
            "version": "4.2.4",
            "license": "MIT",
            "dependencies": {
                "@socket.io/component-emitter": "~3.1.0",
                "debug": "~4.3.1"
            },
            "engines": {
                "node": ">=10.0.0"
            }
        },
        "node_modules/sprintf-js": {
            "version": "1.1.2",
            "license": "BSD-3-Clause",
            "optional": true
        },
        "node_modules/sumchecker": {
            "version": "3.0.1",
            "license": "Apache-2.0",
            "dependencies": {
                "debug": "^4.1.0"
            },
            "engines": {
                "node": ">= 8.0"
            }
        },
        "node_modules/tiny-typed-emitter": {
            "version": "2.1.0",
            "license": "MIT"
        },
        "node_modules/type-fest": {
            "version": "0.13.1",
            "license": "(MIT OR CC0-1.0)",
            "optional": true,
            "engines": {
                "node": ">=10"
            },
            "funding": {
                "url": "https://github.com/sponsors/sindresorhus"
            }
        },
        "node_modules/typescript": {
            "version": "5.2.2",
            "dev": true,
            "license": "Apache-2.0",
            "bin": {
                "tsc": "bin/tsc",
                "tsserver": "bin/tsserver"
            },
            "engines": {
                "node": ">=14.17"
            }
        },
        "node_modules/universalify": {
            "version": "0.1.2",
            "license": "MIT",
            "engines": {
                "node": ">= 4.0.0"
            }
        },
        "node_modules/vary": {
            "version": "1.1.2",
            "license": "MIT",
            "engines": {
                "node": ">= 0.8"
            }
        },
        "node_modules/wrappy": {
            "version": "1.0.2",
            "license": "ISC"
        },
        "node_modules/ws": {
            "version": "8.11.0",
            "license": "MIT",
            "engines": {
                "node": ">=10.0.0"
            },
            "peerDependencies": {
                "bufferutil": "^4.0.1",
                "utf-8-validate": "^5.0.2"
            },
            "peerDependenciesMeta": {
                "bufferutil": {
                    "optional": true
                },
                "utf-8-validate": {
                    "optional": true
                }
            }
        },
        "node_modules/yallist": {
            "version": "4.0.0",
            "license": "ISC"
        },
        "node_modules/yauzl": {
            "version": "2.10.0",
            "license": "MIT",
            "dependencies": {
                "buffer-crc32": "~0.2.3",
                "fd-slicer": "~1.1.0"
            }
        }
    }
}
